{
  "version": 4,
  "terraform_version": "1.0.5",
  "serial": 1434,
  "lineage": "d9f3c459-9248-cd7c-f0bf-a97184ed676a",
  "outputs": {},
  "resources": [
    {
      "mode": "data",
      "type": "google_compute_network",
      "name": "default_network",
      "provider": "provider[\"registry.terraform.io/hashicorp/google\"]",
      "instances": [
        {
          "schema_version": 0,
          "attributes": {
            "description": "Default network for the project",
            "gateway_ipv4": "",
            "id": "projects/quantum-coasters/global/networks/default",
            "name": "default",
            "project": "quantum-coasters",
            "self_link": "https://www.googleapis.com/compute/v1/projects/quantum-coasters/global/networks/default",
            "subnetworks_self_links": [
              "https://www.googleapis.com/compute/v1/projects/quantum-coasters/regions/europe-west4/subnetworks/default",
              "https://www.googleapis.com/compute/v1/projects/quantum-coasters/regions/us-central1/subnetworks/default",
              "https://www.googleapis.com/compute/v1/projects/quantum-coasters/regions/us-west4/subnetworks/default",
              "https://www.googleapis.com/compute/v1/projects/quantum-coasters/regions/us-east4/subnetworks/default",
              "https://www.googleapis.com/compute/v1/projects/quantum-coasters/regions/australia-southeast1/subnetworks/default",
              "https://www.googleapis.com/compute/v1/projects/quantum-coasters/regions/europe-north1/subnetworks/default",
              "https://www.googleapis.com/compute/v1/projects/quantum-coasters/regions/europe-west2/subnetworks/default",
              "https://www.googleapis.com/compute/v1/projects/quantum-coasters/regions/southamerica-east1/subnetworks/default",
              "https://www.googleapis.com/compute/v1/projects/quantum-coasters/regions/us-east1/subnetworks/default",
              "https://www.googleapis.com/compute/v1/projects/quantum-coasters/regions/asia-east2/subnetworks/default",
              "https://www.googleapis.com/compute/v1/projects/quantum-coasters/regions/us-west2/subnetworks/default",
              "https://www.googleapis.com/compute/v1/projects/quantum-coasters/regions/asia-south2/subnetworks/default",
              "https://www.googleapis.com/compute/v1/projects/quantum-coasters/regions/northamerica-northeast1/subnetworks/default",
              "https://www.googleapis.com/compute/v1/projects/quantum-coasters/regions/asia-northeast3/subnetworks/default",
              "https://www.googleapis.com/compute/v1/projects/quantum-coasters/regions/asia-northeast2/subnetworks/default",
              "https://www.googleapis.com/compute/v1/projects/quantum-coasters/regions/us-west1/subnetworks/default",
              "https://www.googleapis.com/compute/v1/projects/quantum-coasters/regions/europe-central2/subnetworks/default",
              "https://www.googleapis.com/compute/v1/projects/quantum-coasters/regions/asia-southeast1/subnetworks/default",
              "https://www.googleapis.com/compute/v1/projects/quantum-coasters/regions/europe-west6/subnetworks/default",
              "https://www.googleapis.com/compute/v1/projects/quantum-coasters/regions/asia-east1/subnetworks/default",
              "https://www.googleapis.com/compute/v1/projects/quantum-coasters/regions/europe-west3/subnetworks/default",
              "https://www.googleapis.com/compute/v1/projects/quantum-coasters/regions/australia-southeast2/subnetworks/default",
              "https://www.googleapis.com/compute/v1/projects/quantum-coasters/regions/asia-southeast2/subnetworks/default",
              "https://www.googleapis.com/compute/v1/projects/quantum-coasters/regions/asia-northeast1/subnetworks/default",
              "https://www.googleapis.com/compute/v1/projects/quantum-coasters/regions/asia-south1/subnetworks/default",
              "https://www.googleapis.com/compute/v1/projects/quantum-coasters/regions/northamerica-northeast2/subnetworks/default",
              "https://www.googleapis.com/compute/v1/projects/quantum-coasters/regions/us-west3/subnetworks/default",
              "https://www.googleapis.com/compute/v1/projects/quantum-coasters/regions/europe-west1/subnetworks/default"
            ]
          },
          "sensitive_attributes": []
        }
      ]
    },
    {
      "mode": "data",
      "type": "google_compute_subnetwork",
      "name": "default_subnetwork",
      "provider": "provider[\"registry.terraform.io/hashicorp/google\"]",
      "instances": [
        {
          "index_key": "https://www.googleapis.com/compute/v1/projects/quantum-coasters/regions/asia-east1/subnetworks/default",
          "schema_version": 0,
          "attributes": {
            "description": "",
            "gateway_address": "10.140.0.1",
            "id": "projects/quantum-coasters/regions/asia-east1/subnetworks/default",
            "ip_cidr_range": "10.140.0.0/20",
            "name": "default",
            "network": "https://www.googleapis.com/compute/v1/projects/quantum-coasters/global/networks/default",
            "private_ip_google_access": false,
            "project": "quantum-coasters",
            "region": "asia-east1",
            "secondary_ip_range": [],
            "self_link": "https://www.googleapis.com/compute/v1/projects/quantum-coasters/regions/asia-east1/subnetworks/default"
          },
          "sensitive_attributes": []
        },
        {
          "index_key": "https://www.googleapis.com/compute/v1/projects/quantum-coasters/regions/asia-east2/subnetworks/default",
          "schema_version": 0,
          "attributes": {
            "description": "",
            "gateway_address": "10.170.0.1",
            "id": "projects/quantum-coasters/regions/asia-east2/subnetworks/default",
            "ip_cidr_range": "10.170.0.0/20",
            "name": "default",
            "network": "https://www.googleapis.com/compute/v1/projects/quantum-coasters/global/networks/default",
            "private_ip_google_access": false,
            "project": "quantum-coasters",
            "region": "asia-east2",
            "secondary_ip_range": [],
            "self_link": "https://www.googleapis.com/compute/v1/projects/quantum-coasters/regions/asia-east2/subnetworks/default"
          },
          "sensitive_attributes": []
        },
        {
          "index_key": "https://www.googleapis.com/compute/v1/projects/quantum-coasters/regions/asia-northeast1/subnetworks/default",
          "schema_version": 0,
          "attributes": {
            "description": "",
            "gateway_address": "10.146.0.1",
            "id": "projects/quantum-coasters/regions/asia-northeast1/subnetworks/default",
            "ip_cidr_range": "10.146.0.0/20",
            "name": "default",
            "network": "https://www.googleapis.com/compute/v1/projects/quantum-coasters/global/networks/default",
            "private_ip_google_access": false,
            "project": "quantum-coasters",
            "region": "asia-northeast1",
            "secondary_ip_range": [],
            "self_link": "https://www.googleapis.com/compute/v1/projects/quantum-coasters/regions/asia-northeast1/subnetworks/default"
          },
          "sensitive_attributes": []
        },
        {
          "index_key": "https://www.googleapis.com/compute/v1/projects/quantum-coasters/regions/asia-northeast2/subnetworks/default",
          "schema_version": 0,
          "attributes": {
            "description": "",
            "gateway_address": "10.174.0.1",
            "id": "projects/quantum-coasters/regions/asia-northeast2/subnetworks/default",
            "ip_cidr_range": "10.174.0.0/20",
            "name": "default",
            "network": "https://www.googleapis.com/compute/v1/projects/quantum-coasters/global/networks/default",
            "private_ip_google_access": false,
            "project": "quantum-coasters",
            "region": "asia-northeast2",
            "secondary_ip_range": [],
            "self_link": "https://www.googleapis.com/compute/v1/projects/quantum-coasters/regions/asia-northeast2/subnetworks/default"
          },
          "sensitive_attributes": []
        },
        {
          "index_key": "https://www.googleapis.com/compute/v1/projects/quantum-coasters/regions/asia-northeast3/subnetworks/default",
          "schema_version": 0,
          "attributes": {
            "description": "",
            "gateway_address": "10.178.0.1",
            "id": "projects/quantum-coasters/regions/asia-northeast3/subnetworks/default",
            "ip_cidr_range": "10.178.0.0/20",
            "name": "default",
            "network": "https://www.googleapis.com/compute/v1/projects/quantum-coasters/global/networks/default",
            "private_ip_google_access": false,
            "project": "quantum-coasters",
            "region": "asia-northeast3",
            "secondary_ip_range": [],
            "self_link": "https://www.googleapis.com/compute/v1/projects/quantum-coasters/regions/asia-northeast3/subnetworks/default"
          },
          "sensitive_attributes": []
        },
        {
          "index_key": "https://www.googleapis.com/compute/v1/projects/quantum-coasters/regions/asia-south1/subnetworks/default",
          "schema_version": 0,
          "attributes": {
            "description": "",
            "gateway_address": "10.160.0.1",
            "id": "projects/quantum-coasters/regions/asia-south1/subnetworks/default",
            "ip_cidr_range": "10.160.0.0/20",
            "name": "default",
            "network": "https://www.googleapis.com/compute/v1/projects/quantum-coasters/global/networks/default",
            "private_ip_google_access": false,
            "project": "quantum-coasters",
            "region": "asia-south1",
            "secondary_ip_range": [],
            "self_link": "https://www.googleapis.com/compute/v1/projects/quantum-coasters/regions/asia-south1/subnetworks/default"
          },
          "sensitive_attributes": []
        },
        {
          "index_key": "https://www.googleapis.com/compute/v1/projects/quantum-coasters/regions/asia-south2/subnetworks/default",
          "schema_version": 0,
          "attributes": {
            "description": "",
            "gateway_address": "10.190.0.1",
            "id": "projects/quantum-coasters/regions/asia-south2/subnetworks/default",
            "ip_cidr_range": "10.190.0.0/20",
            "name": "default",
            "network": "https://www.googleapis.com/compute/v1/projects/quantum-coasters/global/networks/default",
            "private_ip_google_access": false,
            "project": "quantum-coasters",
            "region": "asia-south2",
            "secondary_ip_range": [],
            "self_link": "https://www.googleapis.com/compute/v1/projects/quantum-coasters/regions/asia-south2/subnetworks/default"
          },
          "sensitive_attributes": []
        },
        {
          "index_key": "https://www.googleapis.com/compute/v1/projects/quantum-coasters/regions/asia-southeast1/subnetworks/default",
          "schema_version": 0,
          "attributes": {
            "description": "",
            "gateway_address": "10.148.0.1",
            "id": "projects/quantum-coasters/regions/asia-southeast1/subnetworks/default",
            "ip_cidr_range": "10.148.0.0/20",
            "name": "default",
            "network": "https://www.googleapis.com/compute/v1/projects/quantum-coasters/global/networks/default",
            "private_ip_google_access": false,
            "project": "quantum-coasters",
            "region": "asia-southeast1",
            "secondary_ip_range": [],
            "self_link": "https://www.googleapis.com/compute/v1/projects/quantum-coasters/regions/asia-southeast1/subnetworks/default"
          },
          "sensitive_attributes": []
        },
        {
          "index_key": "https://www.googleapis.com/compute/v1/projects/quantum-coasters/regions/asia-southeast2/subnetworks/default",
          "schema_version": 0,
          "attributes": {
            "description": "",
            "gateway_address": "10.184.0.1",
            "id": "projects/quantum-coasters/regions/asia-southeast2/subnetworks/default",
            "ip_cidr_range": "10.184.0.0/20",
            "name": "default",
            "network": "https://www.googleapis.com/compute/v1/projects/quantum-coasters/global/networks/default",
            "private_ip_google_access": false,
            "project": "quantum-coasters",
            "region": "asia-southeast2",
            "secondary_ip_range": [],
            "self_link": "https://www.googleapis.com/compute/v1/projects/quantum-coasters/regions/asia-southeast2/subnetworks/default"
          },
          "sensitive_attributes": []
        },
        {
          "index_key": "https://www.googleapis.com/compute/v1/projects/quantum-coasters/regions/australia-southeast1/subnetworks/default",
          "schema_version": 0,
          "attributes": {
            "description": "",
            "gateway_address": "10.152.0.1",
            "id": "projects/quantum-coasters/regions/australia-southeast1/subnetworks/default",
            "ip_cidr_range": "10.152.0.0/20",
            "name": "default",
            "network": "https://www.googleapis.com/compute/v1/projects/quantum-coasters/global/networks/default",
            "private_ip_google_access": false,
            "project": "quantum-coasters",
            "region": "australia-southeast1",
            "secondary_ip_range": [],
            "self_link": "https://www.googleapis.com/compute/v1/projects/quantum-coasters/regions/australia-southeast1/subnetworks/default"
          },
          "sensitive_attributes": []
        },
        {
          "index_key": "https://www.googleapis.com/compute/v1/projects/quantum-coasters/regions/australia-southeast2/subnetworks/default",
          "schema_version": 0,
          "attributes": {
            "description": "",
            "gateway_address": "10.192.0.1",
            "id": "projects/quantum-coasters/regions/australia-southeast2/subnetworks/default",
            "ip_cidr_range": "10.192.0.0/20",
            "name": "default",
            "network": "https://www.googleapis.com/compute/v1/projects/quantum-coasters/global/networks/default",
            "private_ip_google_access": false,
            "project": "quantum-coasters",
            "region": "australia-southeast2",
            "secondary_ip_range": [],
            "self_link": "https://www.googleapis.com/compute/v1/projects/quantum-coasters/regions/australia-southeast2/subnetworks/default"
          },
          "sensitive_attributes": []
        },
        {
          "index_key": "https://www.googleapis.com/compute/v1/projects/quantum-coasters/regions/europe-central2/subnetworks/default",
          "schema_version": 0,
          "attributes": {
            "description": "",
            "gateway_address": "10.186.0.1",
            "id": "projects/quantum-coasters/regions/europe-central2/subnetworks/default",
            "ip_cidr_range": "10.186.0.0/20",
            "name": "default",
            "network": "https://www.googleapis.com/compute/v1/projects/quantum-coasters/global/networks/default",
            "private_ip_google_access": false,
            "project": "quantum-coasters",
            "region": "europe-central2",
            "secondary_ip_range": [],
            "self_link": "https://www.googleapis.com/compute/v1/projects/quantum-coasters/regions/europe-central2/subnetworks/default"
          },
          "sensitive_attributes": []
        },
        {
          "index_key": "https://www.googleapis.com/compute/v1/projects/quantum-coasters/regions/europe-north1/subnetworks/default",
          "schema_version": 0,
          "attributes": {
            "description": "",
            "gateway_address": "10.166.0.1",
            "id": "projects/quantum-coasters/regions/europe-north1/subnetworks/default",
            "ip_cidr_range": "10.166.0.0/20",
            "name": "default",
            "network": "https://www.googleapis.com/compute/v1/projects/quantum-coasters/global/networks/default",
            "private_ip_google_access": false,
            "project": "quantum-coasters",
            "region": "europe-north1",
            "secondary_ip_range": [],
            "self_link": "https://www.googleapis.com/compute/v1/projects/quantum-coasters/regions/europe-north1/subnetworks/default"
          },
          "sensitive_attributes": []
        },
        {
          "index_key": "https://www.googleapis.com/compute/v1/projects/quantum-coasters/regions/europe-west1/subnetworks/default",
          "schema_version": 0,
          "attributes": {
            "description": "",
            "gateway_address": "10.132.0.1",
            "id": "projects/quantum-coasters/regions/europe-west1/subnetworks/default",
            "ip_cidr_range": "10.132.0.0/20",
            "name": "default",
            "network": "https://www.googleapis.com/compute/v1/projects/quantum-coasters/global/networks/default",
            "private_ip_google_access": false,
            "project": "quantum-coasters",
            "region": "europe-west1",
            "secondary_ip_range": [],
            "self_link": "https://www.googleapis.com/compute/v1/projects/quantum-coasters/regions/europe-west1/subnetworks/default"
          },
          "sensitive_attributes": []
        },
        {
          "index_key": "https://www.googleapis.com/compute/v1/projects/quantum-coasters/regions/europe-west2/subnetworks/default",
          "schema_version": 0,
          "attributes": {
            "description": "",
            "gateway_address": "10.154.0.1",
            "id": "projects/quantum-coasters/regions/europe-west2/subnetworks/default",
            "ip_cidr_range": "10.154.0.0/20",
            "name": "default",
            "network": "https://www.googleapis.com/compute/v1/projects/quantum-coasters/global/networks/default",
            "private_ip_google_access": false,
            "project": "quantum-coasters",
            "region": "europe-west2",
            "secondary_ip_range": [],
            "self_link": "https://www.googleapis.com/compute/v1/projects/quantum-coasters/regions/europe-west2/subnetworks/default"
          },
          "sensitive_attributes": []
        },
        {
          "index_key": "https://www.googleapis.com/compute/v1/projects/quantum-coasters/regions/europe-west3/subnetworks/default",
          "schema_version": 0,
          "attributes": {
            "description": "",
            "gateway_address": "10.156.0.1",
            "id": "projects/quantum-coasters/regions/europe-west3/subnetworks/default",
            "ip_cidr_range": "10.156.0.0/20",
            "name": "default",
            "network": "https://www.googleapis.com/compute/v1/projects/quantum-coasters/global/networks/default",
            "private_ip_google_access": false,
            "project": "quantum-coasters",
            "region": "europe-west3",
            "secondary_ip_range": [],
            "self_link": "https://www.googleapis.com/compute/v1/projects/quantum-coasters/regions/europe-west3/subnetworks/default"
          },
          "sensitive_attributes": []
        },
        {
          "index_key": "https://www.googleapis.com/compute/v1/projects/quantum-coasters/regions/europe-west4/subnetworks/default",
          "schema_version": 0,
          "attributes": {
            "description": "",
            "gateway_address": "10.164.0.1",
            "id": "projects/quantum-coasters/regions/europe-west4/subnetworks/default",
            "ip_cidr_range": "10.164.0.0/20",
            "name": "default",
            "network": "https://www.googleapis.com/compute/v1/projects/quantum-coasters/global/networks/default",
            "private_ip_google_access": false,
            "project": "quantum-coasters",
            "region": "europe-west4",
            "secondary_ip_range": [],
            "self_link": "https://www.googleapis.com/compute/v1/projects/quantum-coasters/regions/europe-west4/subnetworks/default"
          },
          "sensitive_attributes": []
        },
        {
          "index_key": "https://www.googleapis.com/compute/v1/projects/quantum-coasters/regions/europe-west6/subnetworks/default",
          "schema_version": 0,
          "attributes": {
            "description": "",
            "gateway_address": "10.172.0.1",
            "id": "projects/quantum-coasters/regions/europe-west6/subnetworks/default",
            "ip_cidr_range": "10.172.0.0/20",
            "name": "default",
            "network": "https://www.googleapis.com/compute/v1/projects/quantum-coasters/global/networks/default",
            "private_ip_google_access": false,
            "project": "quantum-coasters",
            "region": "europe-west6",
            "secondary_ip_range": [],
            "self_link": "https://www.googleapis.com/compute/v1/projects/quantum-coasters/regions/europe-west6/subnetworks/default"
          },
          "sensitive_attributes": []
        },
        {
          "index_key": "https://www.googleapis.com/compute/v1/projects/quantum-coasters/regions/northamerica-northeast1/subnetworks/default",
          "schema_version": 0,
          "attributes": {
            "description": "",
            "gateway_address": "10.162.0.1",
            "id": "projects/quantum-coasters/regions/northamerica-northeast1/subnetworks/default",
            "ip_cidr_range": "10.162.0.0/20",
            "name": "default",
            "network": "https://www.googleapis.com/compute/v1/projects/quantum-coasters/global/networks/default",
            "private_ip_google_access": false,
            "project": "quantum-coasters",
            "region": "northamerica-northeast1",
            "secondary_ip_range": [],
            "self_link": "https://www.googleapis.com/compute/v1/projects/quantum-coasters/regions/northamerica-northeast1/subnetworks/default"
          },
          "sensitive_attributes": []
        },
        {
          "index_key": "https://www.googleapis.com/compute/v1/projects/quantum-coasters/regions/northamerica-northeast2/subnetworks/default",
          "schema_version": 0,
          "attributes": {
            "description": "",
            "gateway_address": "10.188.0.1",
            "id": "projects/quantum-coasters/regions/northamerica-northeast2/subnetworks/default",
            "ip_cidr_range": "10.188.0.0/20",
            "name": "default",
            "network": "https://www.googleapis.com/compute/v1/projects/quantum-coasters/global/networks/default",
            "private_ip_google_access": false,
            "project": "quantum-coasters",
            "region": "northamerica-northeast2",
            "secondary_ip_range": [],
            "self_link": "https://www.googleapis.com/compute/v1/projects/quantum-coasters/regions/northamerica-northeast2/subnetworks/default"
          },
          "sensitive_attributes": []
        },
        {
          "index_key": "https://www.googleapis.com/compute/v1/projects/quantum-coasters/regions/southamerica-east1/subnetworks/default",
          "schema_version": 0,
          "attributes": {
            "description": "",
            "gateway_address": "10.158.0.1",
            "id": "projects/quantum-coasters/regions/southamerica-east1/subnetworks/default",
            "ip_cidr_range": "10.158.0.0/20",
            "name": "default",
            "network": "https://www.googleapis.com/compute/v1/projects/quantum-coasters/global/networks/default",
            "private_ip_google_access": false,
            "project": "quantum-coasters",
            "region": "southamerica-east1",
            "secondary_ip_range": [],
            "self_link": "https://www.googleapis.com/compute/v1/projects/quantum-coasters/regions/southamerica-east1/subnetworks/default"
          },
          "sensitive_attributes": []
        },
        {
          "index_key": "https://www.googleapis.com/compute/v1/projects/quantum-coasters/regions/us-central1/subnetworks/default",
          "schema_version": 0,
          "attributes": {
            "description": "",
            "gateway_address": "10.128.0.1",
            "id": "projects/quantum-coasters/regions/us-central1/subnetworks/default",
            "ip_cidr_range": "10.128.0.0/20",
            "name": "default",
            "network": "https://www.googleapis.com/compute/v1/projects/quantum-coasters/global/networks/default",
            "private_ip_google_access": false,
            "project": "quantum-coasters",
            "region": "us-central1",
            "secondary_ip_range": [],
            "self_link": "https://www.googleapis.com/compute/v1/projects/quantum-coasters/regions/us-central1/subnetworks/default"
          },
          "sensitive_attributes": []
        },
        {
          "index_key": "https://www.googleapis.com/compute/v1/projects/quantum-coasters/regions/us-east1/subnetworks/default",
          "schema_version": 0,
          "attributes": {
            "description": "",
            "gateway_address": "10.142.0.1",
            "id": "projects/quantum-coasters/regions/us-east1/subnetworks/default",
            "ip_cidr_range": "10.142.0.0/20",
            "name": "default",
            "network": "https://www.googleapis.com/compute/v1/projects/quantum-coasters/global/networks/default",
            "private_ip_google_access": false,
            "project": "quantum-coasters",
            "region": "us-east1",
            "secondary_ip_range": [],
            "self_link": "https://www.googleapis.com/compute/v1/projects/quantum-coasters/regions/us-east1/subnetworks/default"
          },
          "sensitive_attributes": []
        },
        {
          "index_key": "https://www.googleapis.com/compute/v1/projects/quantum-coasters/regions/us-east4/subnetworks/default",
          "schema_version": 0,
          "attributes": {
            "description": "",
            "gateway_address": "10.150.0.1",
            "id": "projects/quantum-coasters/regions/us-east4/subnetworks/default",
            "ip_cidr_range": "10.150.0.0/20",
            "name": "default",
            "network": "https://www.googleapis.com/compute/v1/projects/quantum-coasters/global/networks/default",
            "private_ip_google_access": false,
            "project": "quantum-coasters",
            "region": "us-east4",
            "secondary_ip_range": [],
            "self_link": "https://www.googleapis.com/compute/v1/projects/quantum-coasters/regions/us-east4/subnetworks/default"
          },
          "sensitive_attributes": []
        },
        {
          "index_key": "https://www.googleapis.com/compute/v1/projects/quantum-coasters/regions/us-west1/subnetworks/default",
          "schema_version": 0,
          "attributes": {
            "description": "",
            "gateway_address": "10.138.0.1",
            "id": "projects/quantum-coasters/regions/us-west1/subnetworks/default",
            "ip_cidr_range": "10.138.0.0/20",
            "name": "default",
            "network": "https://www.googleapis.com/compute/v1/projects/quantum-coasters/global/networks/default",
            "private_ip_google_access": false,
            "project": "quantum-coasters",
            "region": "us-west1",
            "secondary_ip_range": [],
            "self_link": "https://www.googleapis.com/compute/v1/projects/quantum-coasters/regions/us-west1/subnetworks/default"
          },
          "sensitive_attributes": []
        },
        {
          "index_key": "https://www.googleapis.com/compute/v1/projects/quantum-coasters/regions/us-west2/subnetworks/default",
          "schema_version": 0,
          "attributes": {
            "description": "",
            "gateway_address": "10.168.0.1",
            "id": "projects/quantum-coasters/regions/us-west2/subnetworks/default",
            "ip_cidr_range": "10.168.0.0/20",
            "name": "default",
            "network": "https://www.googleapis.com/compute/v1/projects/quantum-coasters/global/networks/default",
            "private_ip_google_access": false,
            "project": "quantum-coasters",
            "region": "us-west2",
            "secondary_ip_range": [],
            "self_link": "https://www.googleapis.com/compute/v1/projects/quantum-coasters/regions/us-west2/subnetworks/default"
          },
          "sensitive_attributes": []
        },
        {
          "index_key": "https://www.googleapis.com/compute/v1/projects/quantum-coasters/regions/us-west3/subnetworks/default",
          "schema_version": 0,
          "attributes": {
            "description": "",
            "gateway_address": "10.180.0.1",
            "id": "projects/quantum-coasters/regions/us-west3/subnetworks/default",
            "ip_cidr_range": "10.180.0.0/20",
            "name": "default",
            "network": "https://www.googleapis.com/compute/v1/projects/quantum-coasters/global/networks/default",
            "private_ip_google_access": false,
            "project": "quantum-coasters",
            "region": "us-west3",
            "secondary_ip_range": [],
            "self_link": "https://www.googleapis.com/compute/v1/projects/quantum-coasters/regions/us-west3/subnetworks/default"
          },
          "sensitive_attributes": []
        },
        {
          "index_key": "https://www.googleapis.com/compute/v1/projects/quantum-coasters/regions/us-west4/subnetworks/default",
          "schema_version": 0,
          "attributes": {
            "description": "",
            "gateway_address": "10.182.0.1",
            "id": "projects/quantum-coasters/regions/us-west4/subnetworks/default",
            "ip_cidr_range": "10.182.0.0/20",
            "name": "default",
            "network": "https://www.googleapis.com/compute/v1/projects/quantum-coasters/global/networks/default",
            "private_ip_google_access": false,
            "project": "quantum-coasters",
            "region": "us-west4",
            "secondary_ip_range": [],
            "self_link": "https://www.googleapis.com/compute/v1/projects/quantum-coasters/regions/us-west4/subnetworks/default"
          },
          "sensitive_attributes": []
        }
      ]
    },
    {
      "mode": "managed",
      "type": "google_compute_firewall",
      "name": "default",
      "provider": "provider[\"registry.terraform.io/hashicorp/google\"]",
      "instances": [
        {
          "schema_version": 1,
          "attributes": {
            "allow": [
              {
                "ports": [
                  "80"
                ],
                "protocol": "tcp"
              }
            ],
            "creation_timestamp": "2021-09-07T15:31:09.301-07:00",
            "deny": [],
            "description": "",
            "destination_ranges": [],
            "direction": "INGRESS",
            "disabled": false,
            "enable_logging": null,
            "id": "projects/quantum-coasters/global/firewalls/tf-www-firewall",
            "log_config": [],
            "name": "tf-www-firewall",
            "network": "https://www.googleapis.com/compute/v1/projects/quantum-coasters/global/networks/default",
            "priority": 1000,
            "project": "quantum-coasters",
            "self_link": "https://www.googleapis.com/compute/v1/projects/quantum-coasters/global/firewalls/tf-www-firewall",
            "source_ranges": [
              "0.0.0.0/0"
            ],
            "source_service_accounts": null,
            "source_tags": null,
            "target_service_accounts": null,
            "target_tags": [
              "www-node"
            ],
            "timeouts": null
          },
          "sensitive_attributes": [],
          "private": "eyJlMmJmYjczMC1lY2FhLTExZTYtOGY4OC0zNDM2M2JjN2M0YzAiOnsiY3JlYXRlIjoyNDAwMDAwMDAwMDAsImRlbGV0ZSI6MjQwMDAwMDAwMDAwLCJ1cGRhdGUiOjI0MDAwMDAwMDAwMH0sInNjaGVtYV92ZXJzaW9uIjoiMSJ9"
        }
      ]
    },
    {
      "mode": "managed",
      "type": "google_compute_forwarding_rule",
      "name": "default",
      "provider": "provider[\"registry.terraform.io/hashicorp/google\"]",
      "instances": []
    },
    {
      "mode": "managed",
      "type": "google_compute_http_health_check",
      "name": "default",
      "provider": "provider[\"registry.terraform.io/hashicorp/google\"]",
      "instances": [
        {
          "schema_version": 0,
          "attributes": {
            "check_interval_sec": 1,
            "creation_timestamp": "2021-09-07T15:31:09.178-07:00",
            "description": "",
            "healthy_threshold": 1,
            "host": "",
            "id": "projects/quantum-coasters/global/httpHealthChecks/tf-www-basic-check",
            "name": "tf-www-basic-check",
            "port": 80,
            "project": "quantum-coasters",
            "request_path": "/",
            "self_link": "https://www.googleapis.com/compute/v1/projects/quantum-coasters/global/httpHealthChecks/tf-www-basic-check",
            "timeout_sec": 1,
            "timeouts": null,
            "unhealthy_threshold": 10
          },
          "sensitive_attributes": [],
          "private": "eyJlMmJmYjczMC1lY2FhLTExZTYtOGY4OC0zNDM2M2JjN2M0YzAiOnsiY3JlYXRlIjoyNDAwMDAwMDAwMDAsImRlbGV0ZSI6MjQwMDAwMDAwMDAwLCJ1cGRhdGUiOjI0MDAwMDAwMDAwMH19"
        }
      ]
    },
    {
      "mode": "managed",
      "type": "google_compute_instance",
      "name": "www",
      "provider": "provider[\"registry.terraform.io/hashicorp/google\"]",
      "instances": [
        {
          "index_key": 0,
          "status": "tainted",
          "schema_version": 6,
          "attributes": {
            "advanced_machine_features": [],
            "allow_stopping_for_update": null,
            "attached_disk": [],
            "boot_disk": [
              {
                "auto_delete": true,
                "device_name": "persistent-disk-0",
                "disk_encryption_key_raw": "",
                "disk_encryption_key_sha256": "",
                "initialize_params": [
                  {
                    "image": "https://www.googleapis.com/compute/v1/projects/ubuntu-os-cloud/global/images/ubuntu-1404-trusty-v20160602",
                    "labels": {},
                    "size": 10,
                    "type": "pd-standard"
                  }
                ],
                "kms_key_self_link": "",
                "mode": "READ_WRITE",
                "source": "https://www.googleapis.com/compute/v1/projects/quantum-coasters/zones/us-central1-c/disks/tf-www-0"
              }
            ],
            "can_ip_forward": false,
            "confidential_instance_config": [],
            "cpu_platform": "Intel Haswell",
            "current_status": "RUNNING",
            "deletion_protection": false,
            "description": "",
            "desired_status": null,
            "enable_display": false,
            "guest_accelerator": [],
            "hostname": "",
            "id": "projects/quantum-coasters/zones/us-central1-c/instances/tf-www-0",
            "instance_id": "699329152697390785",
            "label_fingerprint": "42WmSpB8rSM=",
            "labels": null,
            "machine_type": "e2-medium",
            "metadata": {
              "ssh-keys": "root:ssh-rsa AAAAB3NzaC1yc2EAAAADAQABAAACAQC5ueL3zUdOeF433S87BKBpvHCrwOssanVGe///yoe/cw8jMCvN3sEzUJyoIZP+GPhg1muOgpuPRmCH/Fh6HlzPkYU2MxhrJXGYyeEr2gaqk1uLGepS9oPxGSjZC7H+55QCkT66qXb99/ajkx7Scu4ivkod8CdiK/am3P7jPoZUC5SNMsCgP48D6xFeGNClr/kRVr+lJbTb1GThdidpfD1LyP09DGL0wgONJG1ekF0XGwAjbETUpAbFI89sCx8I5gLkZgK5PQjCIe5nkJLX+OmNcdM52XqkJHmIeyg+yvO5ahyxpO0dV0KPBuY0INC4S2YtbYmVF9cUESpKUbnXeiDoBwxrXm7Yg9vN24yEDersIN5JaSFAJohM9Vfuk++5M2s1wnSR6nzIeZor4V9/k1HkrUl3mVAiZqrwN7YFT8753Z9ZyDA+fVk4uRa35nzp3vz2np9IFzUk2N8Bb45yQCD0bE4YoFUQ7L/YvGBJt3/dxRHTCgCHY0Ct0MA/KC1aRO6mMBN4ezfcvITwKx1V+bKIhii9OZaAzBPwpcfoq+/APxEzoH5WviYFIjeP40vKTHcY38x2tNwFLZUet8/Ws9RZtgkAxYgBBCGg2EANAFv2RrcLAgXM3OG/XbiaVLtkqbU5Gt/DuJefp4HDWGS/kmW4yqSjipXs8vKedhxAYpkxyw== mattcrook@C02G503GMD6T\n"
            },
            "metadata_fingerprint": "FxRmnUajf4w=",
            "metadata_startup_script": "",
            "min_cpu_platform": "",
            "name": "tf-www-0",
            "network_interface": [
              {
                "access_config": [
                  {
                    "nat_ip": "34.123.236.62",
                    "network_tier": "PREMIUM",
                    "public_ptr_domain_name": ""
                  }
                ],
                "alias_ip_range": [],
                "name": "nic0",
                "network": "https://www.googleapis.com/compute/v1/projects/quantum-coasters/global/networks/default",
                "network_ip": "10.128.0.32",
                "nic_type": "",
                "subnetwork": "https://www.googleapis.com/compute/v1/projects/quantum-coasters/regions/us-central1/subnetworks/default",
                "subnetwork_project": "quantum-coasters"
              }
            ],
            "project": "quantum-coasters",
            "reservation_affinity": [],
            "resource_policies": null,
            "scheduling": [
              {
                "automatic_restart": true,
                "min_node_cpus": 0,
                "node_affinities": [],
                "on_host_maintenance": "MIGRATE",
                "preemptible": false
              }
            ],
            "scratch_disk": [],
            "self_link": "https://www.googleapis.com/compute/v1/projects/quantum-coasters/zones/us-central1-c/instances/tf-www-0",
            "service_account": [
              {
                "email": "quantum-coasters-sa-068fca65@quantum-coasters.iam.gserviceaccount.com",
                "scopes": [
                  "https://www.googleapis.com/auth/cloud-platform",
                  "https://www.googleapis.com/auth/compute.readonly"
                ]
              }
            ],
            "shielded_instance_config": [],
            "tags": [
              "www-node"
            ],
            "tags_fingerprint": "hOwvn4SsPrU=",
            "timeouts": null,
            "zone": "us-central1-c"
          },
          "sensitive_attributes": [],
          "private": "eyJlMmJmYjczMC1lY2FhLTExZTYtOGY4OC0zNDM2M2JjN2M0YzAiOnsiY3JlYXRlIjoxMjAwMDAwMDAwMDAwLCJkZWxldGUiOjEyMDAwMDAwMDAwMDAsInVwZGF0ZSI6MTIwMDAwMDAwMDAwMH0sInNjaGVtYV92ZXJzaW9uIjoiNiJ9",
          "dependencies": [
            "google_service_account.quantum_coasters_sa",
            "random_id.instance_id"
          ]
        },
        {
          "index_key": 1,
          "status": "tainted",
          "schema_version": 6,
          "attributes": {
            "advanced_machine_features": [],
            "allow_stopping_for_update": null,
            "attached_disk": [],
            "boot_disk": [
              {
                "auto_delete": true,
                "device_name": "persistent-disk-0",
                "disk_encryption_key_raw": "",
                "disk_encryption_key_sha256": "",
                "initialize_params": [
                  {
                    "image": "https://www.googleapis.com/compute/v1/projects/ubuntu-os-cloud/global/images/ubuntu-1404-trusty-v20160602",
                    "labels": {},
                    "size": 10,
                    "type": "pd-standard"
                  }
                ],
                "kms_key_self_link": "",
                "mode": "READ_WRITE",
                "source": "https://www.googleapis.com/compute/v1/projects/quantum-coasters/zones/us-central1-c/disks/tf-www-1"
              }
            ],
            "can_ip_forward": false,
            "confidential_instance_config": [],
            "cpu_platform": "Intel Haswell",
            "current_status": "RUNNING",
            "deletion_protection": false,
            "description": "",
            "desired_status": null,
            "enable_display": false,
            "guest_accelerator": [],
            "hostname": "",
            "id": "projects/quantum-coasters/zones/us-central1-c/instances/tf-www-1",
            "instance_id": "6861051812936046272",
            "label_fingerprint": "42WmSpB8rSM=",
            "labels": null,
            "machine_type": "e2-medium",
            "metadata": {
              "ssh-keys": "root:ssh-rsa AAAAB3NzaC1yc2EAAAADAQABAAACAQC5ueL3zUdOeF433S87BKBpvHCrwOssanVGe///yoe/cw8jMCvN3sEzUJyoIZP+GPhg1muOgpuPRmCH/Fh6HlzPkYU2MxhrJXGYyeEr2gaqk1uLGepS9oPxGSjZC7H+55QCkT66qXb99/ajkx7Scu4ivkod8CdiK/am3P7jPoZUC5SNMsCgP48D6xFeGNClr/kRVr+lJbTb1GThdidpfD1LyP09DGL0wgONJG1ekF0XGwAjbETUpAbFI89sCx8I5gLkZgK5PQjCIe5nkJLX+OmNcdM52XqkJHmIeyg+yvO5ahyxpO0dV0KPBuY0INC4S2YtbYmVF9cUESpKUbnXeiDoBwxrXm7Yg9vN24yEDersIN5JaSFAJohM9Vfuk++5M2s1wnSR6nzIeZor4V9/k1HkrUl3mVAiZqrwN7YFT8753Z9ZyDA+fVk4uRa35nzp3vz2np9IFzUk2N8Bb45yQCD0bE4YoFUQ7L/YvGBJt3/dxRHTCgCHY0Ct0MA/KC1aRO6mMBN4ezfcvITwKx1V+bKIhii9OZaAzBPwpcfoq+/APxEzoH5WviYFIjeP40vKTHcY38x2tNwFLZUet8/Ws9RZtgkAxYgBBCGg2EANAFv2RrcLAgXM3OG/XbiaVLtkqbU5Gt/DuJefp4HDWGS/kmW4yqSjipXs8vKedhxAYpkxyw== mattcrook@C02G503GMD6T\n"
            },
            "metadata_fingerprint": "FxRmnUajf4w=",
            "metadata_startup_script": "",
            "min_cpu_platform": "",
            "name": "tf-www-1",
            "network_interface": [
              {
                "access_config": [
                  {
                    "nat_ip": "35.224.182.171",
                    "network_tier": "PREMIUM",
                    "public_ptr_domain_name": ""
                  }
                ],
                "alias_ip_range": [],
                "name": "nic0",
                "network": "https://www.googleapis.com/compute/v1/projects/quantum-coasters/global/networks/default",
                "network_ip": "10.128.0.33",
                "nic_type": "",
                "subnetwork": "https://www.googleapis.com/compute/v1/projects/quantum-coasters/regions/us-central1/subnetworks/default",
                "subnetwork_project": "quantum-coasters"
              }
            ],
            "project": "quantum-coasters",
            "reservation_affinity": [],
            "resource_policies": null,
            "scheduling": [
              {
                "automatic_restart": true,
                "min_node_cpus": 0,
                "node_affinities": [],
                "on_host_maintenance": "MIGRATE",
                "preemptible": false
              }
            ],
            "scratch_disk": [],
            "self_link": "https://www.googleapis.com/compute/v1/projects/quantum-coasters/zones/us-central1-c/instances/tf-www-1",
            "service_account": [
              {
                "email": "quantum-coasters-sa-068fca65@quantum-coasters.iam.gserviceaccount.com",
                "scopes": [
                  "https://www.googleapis.com/auth/cloud-platform",
                  "https://www.googleapis.com/auth/compute.readonly"
                ]
              }
            ],
            "shielded_instance_config": [],
            "tags": [
              "www-node"
            ],
            "tags_fingerprint": "hOwvn4SsPrU=",
            "timeouts": null,
            "zone": "us-central1-c"
          },
          "sensitive_attributes": [],
          "private": "eyJlMmJmYjczMC1lY2FhLTExZTYtOGY4OC0zNDM2M2JjN2M0YzAiOnsiY3JlYXRlIjoxMjAwMDAwMDAwMDAwLCJkZWxldGUiOjEyMDAwMDAwMDAwMDAsInVwZGF0ZSI6MTIwMDAwMDAwMDAwMH0sInNjaGVtYV92ZXJzaW9uIjoiNiJ9",
          "dependencies": [
            "google_service_account.quantum_coasters_sa",
            "random_id.instance_id"
          ]
        }
      ]
    },
    {
      "mode": "managed",
      "type": "google_compute_target_pool",
      "name": "default",
      "provider": "provider[\"registry.terraform.io/hashicorp/google\"]",
      "instances": []
    },
    {
      "mode": "managed",
      "type": "google_service_account",
      "name": "quantum_coasters_sa",
      "provider": "provider[\"registry.terraform.io/hashicorp/google\"]",
      "instances": [
        {
          "schema_version": 0,
          "attributes": {
            "account_id": "quantum-coasters-sa-068fca65",
            "description": "Service account for Quantum-Coasters compute instances.",
            "display_name": "quantum-coasters-compute-sa",
            "email": "quantum-coasters-sa-068fca65@quantum-coasters.iam.gserviceaccount.com",
            "id": "projects/quantum-coasters/serviceAccounts/quantum-coasters-sa-068fca65@quantum-coasters.iam.gserviceaccount.com",
            "name": "projects/quantum-coasters/serviceAccounts/quantum-coasters-sa-068fca65@quantum-coasters.iam.gserviceaccount.com",
            "project": "quantum-coasters",
            "timeouts": null,
            "unique_id": "101364576649448742863"
          },
          "sensitive_attributes": [],
          "private": "eyJlMmJmYjczMC1lY2FhLTExZTYtOGY4OC0zNDM2M2JjN2M0YzAiOnsiY3JlYXRlIjozMDAwMDAwMDAwMDB9fQ==",
          "dependencies": [
            "random_id.instance_id"
          ]
        }
      ]
    },
    {
      "mode": "managed",
      "type": "random_id",
      "name": "instance_id",
      "provider": "provider[\"registry.terraform.io/hashicorp/random\"]",
      "instances": [
        {
          "schema_version": 0,
          "attributes": {
            "b64_std": "Bo/KZQ==",
            "b64_url": "Bo_KZQ",
            "byte_length": 4,
            "dec": "110086757",
            "hex": "068fca65",
            "id": "Bo_KZQ",
            "keepers": null,
            "prefix": null
          },
          "sensitive_attributes": [],
          "private": "bnVsbA=="
        }
      ]
    }
  ]
}
